
Microsoft Visual Studio Solution File, Format Version 11.00
# Visual Studio 2010
Project("{F184B08F-C81C-45F6-A57F-5ABD9991F28F}") = "MoM.Sponsorship.Country.Catalog", "MoM.Sponsorship.Country.Catalog\MoM.Sponsorship.Country.Catalog.vbproj", "{A8EE7145-CC38-480B-85A6-B17A5745ADE1}"
EndProject
Project("{F184B08F-C81C-45F6-A57F-5ABD9991F28F}") = "MoM.Sponsorship.Country.UIModel", "MoM.Sponsorship.Country.UIModel\MoM.Sponsorship.Country.UIModel.vbproj", "{0BBC964E-BB7F-4D07-98C6-2E055047201F}"
EndProject
Global
	GlobalSection(SolutionConfigurationPlatforms) = preSolution
		Debug|Any CPU = Debug|Any CPU
		Release|Any CPU = Release|Any CPU
	EndGlobalSection
	GlobalSection(ProjectConfigurationPlatforms) = postSolution
		{A8EE7145-CC38-480B-85A6-B17A5745ADE1}.Debug|Any CPU.ActiveCfg = Debug|Any CPU
		{A8EE7145-CC38-480B-85A6-B17A5745ADE1}.Debug|Any CPU.Build.0 = Debug|Any CPU
		{A8EE7145-CC38-480B-85A6-B17A5745ADE1}.Release|Any CPU.ActiveCfg = Release|Any CPU
		{A8EE7145-CC38-480B-85A6-B17A5745ADE1}.Release|Any CPU.Build.0 = Release|Any CPU
		{0BBC964E-BB7F-4D07-98C6-2E055047201F}.Debug|Any CPU.ActiveCfg = Debug|Any CPU
		{0BBC964E-BB7F-4D07-98C6-2E055047201F}.Debug|Any CPU.Build.0 = Debug|Any CPU
		{0BBC964E-BB7F-4D07-98C6-2E055047201F}.Release|Any CPU.ActiveCfg = Release|Any CPU
		{0BBC964E-BB7F-4D07-98C6-2E055047201F}.Release|Any CPU.Build.0 = Release|Any CPU
	EndGlobalSection
	GlobalSection(SolutionProperties) = preSolution
		HideSolutionNode = FALSE
	EndGlobalSection
EndGlobal
